
Microsoft Visual Studio Solution File, Format Version 12.00
# Visual Studio Version 17
VisualStudioVersion = 17.4.33403.182
MinimumVisualStudioVersion = 10.0.40219.1
Project("{FAE04EC0-301F-11D3-BF4B-00C04F79EFBC}") = "Sum-and-product", "Sum-and-product.csproj", "{D7B0FE56-89D0-4A8C-8C64-92159B04C922}"
EndProject
Global
	GlobalSection(SolutionConfigurationPlatforms) = preSolution
		Debug|Any CPU = Debug|Any CPU
		Release|Any CPU = Release|Any CPU
	EndGlobalSection
	GlobalSection(ProjectConfigurationPlatforms) = postSolution
		{D7B0FE56-89D0-4A8C-8C64-92159B04C922}.Debug|Any CPU.ActiveCfg = Debug|Any CPU
		{D7B0FE56-89D0-4A8C-8C64-92159B04C922}.Debug|Any CPU.Build.0 = Debug|Any CPU
		{D7B0FE56-89D0-4A8C-8C64-92159B04C922}.Release|Any CPU.ActiveCfg = Release|Any CPU
		{D7B0FE56-89D0-4A8C-8C64-92159B04C922}.Release|Any CPU.Build.0 = Release|Any CPU
	EndGlobalSection
	GlobalSection(SolutionProperties) = preSolution
		HideSolutionNode = FALSE
	EndGlobalSection
	GlobalSection(ExtensibilityGlobals) = postSolution
		SolutionGuid = {FCCC6F1D-A994-44A8-BD41-9CC107FE87C7}
	EndGlobalSection
EndGlobal
